
Microsoft Visual Studio Solution File, Format Version 12.00
# Visual Studio Version 17
VisualStudioVersion = 17.7.34031.279
MinimumVisualStudioVersion = 10.0.40219.1
Project("{FAE04EC0-301F-11D3-BF4B-00C04F79EFBC}") = "TesteVeranine", "TesteVeranine\TesteVeranine.csproj", "{4BA39B85-C73B-4760-8617-F1714E8D000B}"
EndProject
Global
	GlobalSection(SolutionConfigurationPlatforms) = preSolution
		Debug|Any CPU = Debug|Any CPU
		Release|Any CPU = Release|Any CPU
	EndGlobalSection
	GlobalSection(ProjectConfigurationPlatforms) = postSolution
		{4BA39B85-C73B-4760-8617-F1714E8D000B}.Debug|Any CPU.ActiveCfg = Debug|Any CPU
		{4BA39B85-C73B-4760-8617-F1714E8D000B}.Debug|Any CPU.Build.0 = Debug|Any CPU
		{4BA39B85-C73B-4760-8617-F1714E8D000B}.Release|Any CPU.ActiveCfg = Release|Any CPU
		{4BA39B85-C73B-4760-8617-F1714E8D000B}.Release|Any CPU.Build.0 = Release|Any CPU
	EndGlobalSection
	GlobalSection(SolutionProperties) = preSolution
		HideSolutionNode = FALSE
	EndGlobalSection
	GlobalSection(ExtensibilityGlobals) = postSolution
		SolutionGuid = {109F17FC-5FDE-47F2-A0EC-09431ED01B3C}
	EndGlobalSection
EndGlobal
